
Microsoft Visual Studio Solution File, Format Version 12.00
# Visual Studio Version 17
VisualStudioVersion = 17.1.32407.343
MinimumVisualStudioVersion = 10.0.40219.1
Project("{8BC9CEB8-8B4A-11D0-8D11-00A0C91BC942}") = "dividirpraconquistarbusca", "dividirpraconquistarbusca.vcxproj", "{D2C26038-386D-4ED4-9BEA-F4BA78133837}"
EndProject
Global
	GlobalSection(SolutionConfigurationPlatforms) = preSolution
		Debug|x64 = Debug|x64
		Debug|x86 = Debug|x86
		Release|x64 = Release|x64
		Release|x86 = Release|x86
	EndGlobalSection
	GlobalSection(ProjectConfigurationPlatforms) = postSolution
		{D2C26038-386D-4ED4-9BEA-F4BA78133837}.Debug|x64.ActiveCfg = Debug|x64
		{D2C26038-386D-4ED4-9BEA-F4BA78133837}.Debug|x64.Build.0 = Debug|x64
		{D2C26038-386D-4ED4-9BEA-F4BA78133837}.Debug|x86.ActiveCfg = Debug|Win32
		{D2C26038-386D-4ED4-9BEA-F4BA78133837}.Debug|x86.Build.0 = Debug|Win32
		{D2C26038-386D-4ED4-9BEA-F4BA78133837}.Release|x64.ActiveCfg = Release|x64
		{D2C26038-386D-4ED4-9BEA-F4BA78133837}.Release|x64.Build.0 = Release|x64
		{D2C26038-386D-4ED4-9BEA-F4BA78133837}.Release|x86.ActiveCfg = Release|Win32
		{D2C26038-386D-4ED4-9BEA-F4BA78133837}.Release|x86.Build.0 = Release|Win32
	EndGlobalSection
	GlobalSection(SolutionProperties) = preSolution
		HideSolutionNode = FALSE
	EndGlobalSection
	GlobalSection(ExtensibilityGlobals) = postSolution
		SolutionGuid = {F77FF06D-D784-4BB4-B2AF-5846FB0E4ED1}
	EndGlobalSection
EndGlobal
